{
  "nodes": {
    "flake-utils": {
      "inputs": {
        "systems": "systems"
      },
      "locked": {
        "lastModified": 1689068808,
        "narHash": "sha256-6ixXo3wt24N/melDWjq70UuHQLxGV8jZvooRanIHXw0=",
        "owner": "numtide",
        "repo": "flake-utils",
        "rev": "919d646de7be200f3bf08cb76ae1f09402b6f9b4",
        "type": "github"
      },
      "original": {
        "owner": "numtide",
        "repo": "flake-utils",
        "type": "github"
      }
    },
    "flake-utils_2": {
      "locked": {
        "lastModified": 1610051610,
        "narHash": "sha256-U9rPz/usA1/Aohhk7Cmc2gBrEEKRzcW4nwPWMPwja4Y=",
        "owner": "numtide",
        "repo": "flake-utils",
        "rev": "3982c9903e93927c2164caa727cd3f6a0e6d14cc",
        "type": "github"
      },
      "original": {
        "owner": "numtide",
        "repo": "flake-utils",
        "type": "github"
      }
    },
    "flake-utils_3": {
      "inputs": {
        "systems": "systems_2"
      },
      "locked": {
        "lastModified": 1681202837,
        "narHash": "sha256-H+Rh19JDwRtpVPAWp64F+rlEtxUWBAQW28eAi3SRSzg=",
        "owner": "numtide",
        "repo": "flake-utils",
        "rev": "cfacdce06f30d2b68473a46042957675eebb3401",
        "type": "github"
      },
      "original": {
        "owner": "numtide",
        "repo": "flake-utils",
        "type": "github"
      }
    },
    "home-manager": {
      "inputs": {
        "nixpkgs": [
          "nixpkgs"
        ]
      },
      "locked": {
        "lastModified": 1689891262,
        "narHash": "sha256-Pc4wDczbdgd6QXKJIXprgxe7L9AVDsoAkMnvm5vmpUU=",
        "owner": "nix-community",
        "repo": "home-manager",
        "rev": "ee5673246de0254186e469935909e821b8f4ec15",
        "type": "github"
      },
      "original": {
        "owner": "nix-community",
        "repo": "home-manager",
        "type": "github"
      }
    },
    "launchd_shim": {
      "inputs": {
        "flake-utils": "flake-utils_2",
        "nixpkgs": [
          "nixpkgs"
        ]
      },
      "locked": {
        "lastModified": 1617080421,
        "narHash": "sha256-3PTNZh/84qDxhxOzceW0w6fkREOxjWoASvu1EBel9XQ=",
        "owner": "benpye",
        "repo": "launchd_shim",
        "rev": "689e5050159ccf1c95bff4c31cbd897a3cda7cd3",
        "type": "github"
      },
      "original": {
        "owner": "benpye",
        "repo": "launchd_shim",
        "type": "github"
      }
    },
    "mi2mqtt": {
      "inputs": {
        "flake-utils": "flake-utils_3",
        "nixpkgs": [
          "nixos-2211"
        ]
      },
      "locked": {
        "lastModified": 1682888147,
        "narHash": "sha256-cWL0E1YvLPX/rChJpWy058eEsWEhfA1dr/rZ63s33cM=",
        "owner": "benpye",
        "repo": "mi2mqtt",
        "rev": "a37cd038af59241e38510b248159d24bdf7b2f73",
        "type": "github"
      },
      "original": {
        "owner": "benpye",
        "repo": "mi2mqtt",
        "type": "github"
      }
    },
    "nix-fpga-tools": {
      "inputs": {
        "nixpkgs": "nixpkgs"
      },
      "locked": {
        "lastModified": 1642361702,
        "narHash": "sha256-2pWYshtIK4semuBuYGs6jTuLPvbxI452kE/+DeoppKA=",
        "owner": "benpye",
        "repo": "nix-fpga-tools",
        "rev": "9d90f2a29d8beac2388f0a213f8b06f81577f778",
        "type": "github"
      },
      "original": {
        "owner": "benpye",
        "repo": "nix-fpga-tools",
        "type": "github"
      }
    },
    "nix-velocloud": {
      "inputs": {
        "nixos": [
          "nixos-2311"
        ]
      },
      "locked": {
        "lastModified": 1705803096,
        "narHash": "sha256-/FfucROYjfcK7zNyFKDxoX40deMJSZutXGt4E63b81U=",
        "owner": "benpye",
        "repo": "nix-velocloud",
        "rev": "751cc77f8b1dabe4ef46505df7549ef1dd5b3195",
        "type": "github"
      },
      "original": {
        "owner": "benpye",
        "repo": "nix-velocloud",
        "type": "github"
      }
    },
    "nixos": {
      "locked": {
        "lastModified": 1689940971,
        "narHash": "sha256-397xShPnFqPC59Bmpo3lS+/Aw0yoDRMACGo1+h2VJMo=",
        "owner": "nixos",
        "repo": "nixpkgs",
        "rev": "9ca785644d067445a4aa749902b29ccef61f7476",
        "type": "github"
      },
      "original": {
        "owner": "nixos",
        "ref": "nixos-unstable",
        "repo": "nixpkgs",
        "type": "github"
      }
    },
    "nixos-2205": {
      "locked": {
        "lastModified": 1685573264,
        "narHash": "sha256-Zffu01pONhs/pqH07cjlF10NnMDLok8ix5Uk4rhOnZQ=",
        "owner": "nixos",
        "repo": "nixpkgs",
        "rev": "380be19fbd2d9079f677978361792cb25e8a3635",
        "type": "github"
      },
      "original": {
        "owner": "nixos",
        "ref": "nixos-22.05",
        "repo": "nixpkgs",
        "type": "github"
      }
    },
    "nixos-2211": {
      "locked": {
        "lastModified": 1688392541,
        "narHash": "sha256-lHrKvEkCPTUO+7tPfjIcb7Trk6k31rz18vkyqmkeJfY=",
        "owner": "nixos",
        "repo": "nixpkgs",
        "rev": "ea4c80b39be4c09702b0cb3b42eab59e2ba4f24b",
        "type": "github"
      },
      "original": {
        "owner": "nixos",
        "ref": "nixos-22.11",
        "repo": "nixpkgs",
        "type": "github"
      }
    },
    "nixos-2305": {
      "locked": {
        "lastModified": 1689885880,
        "narHash": "sha256-2ikAcvHKkKh8J/eUrwMA+wy1poscC+oL1RkN1V3RmT8=",
        "owner": "nixos",
        "repo": "nixpkgs",
        "rev": "fa793b06f56896b7d1909e4b69977c7bf842b2f0",
        "type": "github"
      },
      "original": {
        "owner": "nixos",
        "ref": "nixos-23.05",
        "repo": "nixpkgs",
        "type": "github"
      }
    },
    "nixpkgs": {
      "locked": {
        "lastModified": 1640798027,
        "narHash": "sha256-1e7bsxWJW0ugkA95AMGL3Da9sHugkz+J4kfYB9fTWZc=",
        "owner": "NixOS",
        "repo": "nixpkgs",
        "rev": "8588b14a397e045692d0a87192810b6dddf53003",
        "type": "github"
      },
      "original": {
        "id": "nixpkgs",
        "ref": "release-21.11",
        "type": "indirect"
      }
    },
    "nixpkgs-2205": {
      "locked": {
        "lastModified": 1685573264,
        "narHash": "sha256-Zffu01pONhs/pqH07cjlF10NnMDLok8ix5Uk4rhOnZQ=",
        "owner": "nixos",
        "repo": "nixpkgs",
        "rev": "380be19fbd2d9079f677978361792cb25e8a3635",
        "type": "github"
      },
      "original": {
        "owner": "nixos",
        "ref": "release-22.05",
        "repo": "nixpkgs",
        "type": "github"
      }
    },
    "nixpkgs-2211": {
      "locked": {
        "lastModified": 1688392541,
        "narHash": "sha256-lHrKvEkCPTUO+7tPfjIcb7Trk6k31rz18vkyqmkeJfY=",
        "owner": "nixos",
        "repo": "nixpkgs",
        "rev": "ea4c80b39be4c09702b0cb3b42eab59e2ba4f24b",
        "type": "github"
      },
      "original": {
        "owner": "nixos",
        "ref": "release-22.11",
        "repo": "nixpkgs",
        "type": "github"
      }
    },
    "nixpkgs-2305": {
      "locked": {
        "lastModified": 1689956312,
        "narHash": "sha256-NV9yamMhE5jgz+ZSM2IgXeYqOvmGIbIIJ+AFIhfD7Ek=",
        "owner": "nixos",
        "repo": "nixpkgs",
        "rev": "6da4bc6cb07cba1b8e53d139cbf1d2fb8061d967",
        "type": "github"
      },
      "original": {
        "owner": "nixos",
        "ref": "release-23.05",
        "repo": "nixpkgs",
        "type": "github"
      }
    },
    "nixpkgs_2": {
      "locked": {
        "lastModified": 1689935543,
        "narHash": "sha256-6GQ9ib4dA/r1leC5VUpsBo0BmDvNxLjKrX1iyL+h8mc=",
        "owner": "nixos",
        "repo": "nixpkgs",
        "rev": "e43e2448161c0a2c4928abec4e16eae1516571bc",
        "type": "github"
      },
      "original": {
        "owner": "nixos",
        "ref": "nixpkgs-unstable",
        "repo": "nixpkgs",
        "type": "github"
      }
    },
    "root": {
      "inputs": {
        "flake-utils": "flake-utils",
        "home-manager": "home-manager",
        "launchd_shim": "launchd_shim",
        "mi2mqtt": "mi2mqtt",
        "nix-fpga-tools": "nix-fpga-tools",
        "nix-velocloud": "nix-velocloud",
        "nixos": "nixos",
        "nixos-2205": "nixos-2205",
        "nixos-2211": "nixos-2211",
        "nixos-2305": "nixos-2305",
        "nixpkgs": "nixpkgs_2",
        "nixpkgs-2205": "nixpkgs-2205",
        "nixpkgs-2211": "nixpkgs-2211",
        "nixpkgs-2305": "nixpkgs-2305"
      }
    },
    "systems": {
      "locked": {
        "lastModified": 1681028828,
        "narHash": "sha256-Vy1rq5AaRuLzOxct8nz4T6wlgyUR7zLU309k9mBC768=",
        "owner": "nix-systems",
        "repo": "default",
        "rev": "da67096a3b9bf56a91d16901293e51ba5b49a27e",
        "type": "github"
      },
      "original": {
        "owner": "nix-systems",
        "repo": "default",
        "type": "github"
      }
    },
    "systems_2": {
      "locked": {
        "lastModified": 1681028828,
        "narHash": "sha256-Vy1rq5AaRuLzOxct8nz4T6wlgyUR7zLU309k9mBC768=",
        "owner": "nix-systems",
        "repo": "default",
        "rev": "da67096a3b9bf56a91d16901293e51ba5b49a27e",
        "type": "github"
      },
      "original": {
        "owner": "nix-systems",
        "repo": "default",
        "type": "github"
      }
    }
  },
  "root": "root",
  "version": 7
}
