{
  "nodes": {
    "flake-utils": {
      "locked": {
        "lastModified": 1626720299,
        "narHash": "sha256-YphweyFhpN5YYPRBuiu5RYwmzS9yTNrERf1NhmwbYd8=",
        "owner": "benpye",
        "repo": "flake-utils",
        "rev": "e82ed9bdd19a7796ecb3a264ce9d7bad14bcf960",
        "type": "github"
      },
      "original": {
        "owner": "benpye",
        "ref": "add-aarch64-darwin-as-default",
        "repo": "flake-utils",
        "type": "github"
      }
    },
    "flake-utils_2": {
      "locked": {
        "lastModified": 1610051610,
        "narHash": "sha256-U9rPz/usA1/Aohhk7Cmc2gBrEEKRzcW4nwPWMPwja4Y=",
        "owner": "numtide",
        "repo": "flake-utils",
        "rev": "3982c9903e93927c2164caa727cd3f6a0e6d14cc",
        "type": "github"
      },
      "original": {
        "owner": "numtide",
        "repo": "flake-utils",
        "type": "github"
      }
    },
    "home-manager": {
      "inputs": {
        "nixpkgs": [
          "nixpkgs"
        ]
      },
      "locked": {
        "lastModified": 1627592512,
        "narHash": "sha256-+bauwACGl+/dTQB047XImRz5P6Lp6vxl5ruiKjtENxo=",
        "owner": "nix-community",
        "repo": "home-manager",
        "rev": "7f976da06840c268cc291a021bab7532b923713c",
        "type": "github"
      },
      "original": {
        "owner": "nix-community",
        "repo": "home-manager",
        "type": "github"
      }
    },
    "launchd_shim": {
      "inputs": {
        "flake-utils": "flake-utils_2",
        "nixpkgs": [
          "nixpkgs"
        ]
      },
      "locked": {
        "lastModified": 1617080421,
        "narHash": "sha256-3PTNZh/84qDxhxOzceW0w6fkREOxjWoASvu1EBel9XQ=",
        "owner": "benpye",
        "repo": "launchd_shim",
        "rev": "689e5050159ccf1c95bff4c31cbd897a3cda7cd3",
        "type": "github"
      },
      "original": {
        "owner": "benpye",
        "repo": "launchd_shim",
        "type": "github"
      }
    },
    "nixos": {
      "locked": {
        "lastModified": 1627568598,
        "narHash": "sha256-ytpFrV3US7tshywPeIiKuBQbqx9ddgSgtBLXobrZZV0=",
        "owner": "nixos",
        "repo": "nixpkgs",
        "rev": "9978f777fce61f6a053027d54388caed7ebb7a42",
        "type": "github"
      },
      "original": {
        "owner": "nixos",
        "repo": "nixpkgs",
        "rev": "9978f777fce61f6a053027d54388caed7ebb7a42",
        "type": "github"
      }
    },
    "nixos-2009": {
      "locked": {
        "lastModified": 1625876282,
        "narHash": "sha256-z/Gv+11Uzdv3HcQCY+xGi1+iuc3rmCaPzxxDSMnuRAI=",
        "owner": "nixos",
        "repo": "nixpkgs",
        "rev": "068984c00e0d4e54b6684d98f6ac47c92dcb642e",
        "type": "github"
      },
      "original": {
        "owner": "nixos",
        "ref": "nixos-20.09",
        "repo": "nixpkgs",
        "type": "github"
      }
    },
    "nixos-2105": {
      "locked": {
        "lastModified": 1627714638,
        "narHash": "sha256-K50HjZJzRaFoxzGkbNwynsrKGQsinmUQE5HNSCNcO6Y=",
        "owner": "nixos",
        "repo": "nixpkgs",
        "rev": "11c662074e2ae3dddd7e157918b6981de4ce7857",
        "type": "github"
      },
      "original": {
        "owner": "nixos",
        "ref": "nixos-21.05",
        "repo": "nixpkgs",
        "type": "github"
      }
    },
    "nixpkgs": {
      "locked": {
        "lastModified": 1627533199,
        "narHash": "sha256-NyIUcNevwtsMBINn56jnDF8wz3TV1AFxw+Vw6JMnkyE=",
        "owner": "nixos",
        "repo": "nixpkgs",
        "rev": "dd98b100651cfbb8804f32d852f75ef7c97a6b74",
        "type": "github"
      },
      "original": {
        "owner": "nixos",
        "ref": "nixpkgs-unstable",
        "repo": "nixpkgs",
        "type": "github"
      }
    },
    "nixpkgs-2009": {
      "locked": {
        "lastModified": 1625876282,
        "narHash": "sha256-z/Gv+11Uzdv3HcQCY+xGi1+iuc3rmCaPzxxDSMnuRAI=",
        "owner": "nixos",
        "repo": "nixpkgs",
        "rev": "068984c00e0d4e54b6684d98f6ac47c92dcb642e",
        "type": "github"
      },
      "original": {
        "owner": "nixos",
        "ref": "release-20.09",
        "repo": "nixpkgs",
        "type": "github"
      }
    },
    "nixpkgs-2105": {
      "locked": {
        "lastModified": 1627763868,
        "narHash": "sha256-nbRsy2I6E6TfvpucMKCoNTI3Jf8MWcHt7Sm6qe0qr0s=",
        "owner": "nixos",
        "repo": "nixpkgs",
        "rev": "914fbc482e755d484d315045e11216dc249f72f0",
        "type": "github"
      },
      "original": {
        "owner": "nixos",
        "ref": "release-21.05",
        "repo": "nixpkgs",
        "type": "github"
      }
    },
    "root": {
      "inputs": {
        "flake-utils": "flake-utils",
        "home-manager": "home-manager",
        "launchd_shim": "launchd_shim",
        "nixos": "nixos",
        "nixos-2009": "nixos-2009",
        "nixos-2105": "nixos-2105",
        "nixpkgs": "nixpkgs",
        "nixpkgs-2009": "nixpkgs-2009",
        "nixpkgs-2105": "nixpkgs-2105",
        "steam-vulkan-fix-icd": "steam-vulkan-fix-icd"
      }
    },
    "steam-vulkan-fix-icd": {
      "locked": {
        "lastModified": 1626934581,
        "narHash": "sha256-YxLDNCMGpcL3tQMfAzLdI3kwJjvGpl14TBM99y5eAsE=",
        "owner": "jonringer",
        "repo": "nixpkgs",
        "rev": "81f608557d874ad6f092f710edfbedd1e0cdeb21",
        "type": "github"
      },
      "original": {
        "owner": "jonringer",
        "ref": "steam-vulkan-fix-icd",
        "repo": "nixpkgs",
        "type": "github"
      }
    }
  },
  "root": "root",
  "version": 7
}
