{
  "nodes": {
    "flake-utils": {
      "locked": {
        "lastModified": 1649676176,
        "narHash": "sha256-OWKJratjt2RW151VUlJPRALb7OU2S5s+f0vLj4o1bHM=",
        "owner": "numtide",
        "repo": "flake-utils",
        "rev": "a4b154ebbdc88c8498a5c7b01589addc9e9cb678",
        "type": "github"
      },
      "original": {
        "owner": "numtide",
        "repo": "flake-utils",
        "type": "github"
      }
    },
    "flake-utils_2": {
      "locked": {
        "lastModified": 1642700792,
        "narHash": "sha256-XqHrk7hFb+zBvRg6Ghl+AZDq03ov6OshJLiSWOoX5es=",
        "owner": "numtide",
        "repo": "flake-utils",
        "rev": "846b2ae0fc4cc943637d3d1def4454213e203cba",
        "type": "github"
      },
      "original": {
        "owner": "numtide",
        "repo": "flake-utils",
        "type": "github"
      }
    },
    "flake-utils_3": {
      "locked": {
        "lastModified": 1610051610,
        "narHash": "sha256-U9rPz/usA1/Aohhk7Cmc2gBrEEKRzcW4nwPWMPwja4Y=",
        "owner": "numtide",
        "repo": "flake-utils",
        "rev": "3982c9903e93927c2164caa727cd3f6a0e6d14cc",
        "type": "github"
      },
      "original": {
        "owner": "numtide",
        "repo": "flake-utils",
        "type": "github"
      }
    },
    "hkrm4": {
      "inputs": {
        "flake-utils": "flake-utils_2",
        "nixpkgs": [
          "nixos-2111"
        ]
      },
      "locked": {
        "lastModified": 1644098403,
        "narHash": "sha256-LIuawm7R4v5JyRqCqa324DeM9umCddhdXkYjkcuTzWU=",
        "owner": "benpye",
        "repo": "hkrm4",
        "rev": "ce07cce6faf3f6a56a90042488cd13bd38848157",
        "type": "github"
      },
      "original": {
        "owner": "benpye",
        "repo": "hkrm4",
        "type": "github"
      }
    },
    "home-manager": {
      "inputs": {
        "nixpkgs": [
          "nixpkgs"
        ]
      },
      "locked": {
        "lastModified": 1650478719,
        "narHash": "sha256-308c2cM4hW9AW6dSQ080ycXGyEJGkG/OwOINkYL9Mnw=",
        "owner": "nix-community",
        "repo": "home-manager",
        "rev": "93a69d07389311ffd6ce1f4d01836bbc2faec644",
        "type": "github"
      },
      "original": {
        "owner": "nix-community",
        "repo": "home-manager",
        "type": "github"
      }
    },
    "launchd_shim": {
      "inputs": {
        "flake-utils": "flake-utils_3",
        "nixpkgs": [
          "nixpkgs"
        ]
      },
      "locked": {
        "lastModified": 1617080421,
        "narHash": "sha256-3PTNZh/84qDxhxOzceW0w6fkREOxjWoASvu1EBel9XQ=",
        "owner": "benpye",
        "repo": "launchd_shim",
        "rev": "689e5050159ccf1c95bff4c31cbd897a3cda7cd3",
        "type": "github"
      },
      "original": {
        "owner": "benpye",
        "repo": "launchd_shim",
        "type": "github"
      }
    },
    "nix-fpga-tools": {
      "inputs": {
        "nixpkgs": "nixpkgs"
      },
      "locked": {
        "lastModified": 1642361702,
        "narHash": "sha256-2pWYshtIK4semuBuYGs6jTuLPvbxI452kE/+DeoppKA=",
        "owner": "benpye",
        "repo": "nix-fpga-tools",
        "rev": "9d90f2a29d8beac2388f0a213f8b06f81577f778",
        "type": "github"
      },
      "original": {
        "owner": "benpye",
        "repo": "nix-fpga-tools",
        "type": "github"
      }
    },
    "nix-velocloud": {
      "inputs": {
        "nixos": [
          "nixos-2111"
        ]
      },
      "locked": {
        "lastModified": 1646607425,
        "narHash": "sha256-mgG3hM+R4dymiAZ7ywUJR/YV2Uy1KhxhzMjKfHAnbts=",
        "owner": "benpye",
        "repo": "nix-velocloud",
        "rev": "63c836d35059f1d661c23ea4b1d8db84cbd473f7",
        "type": "github"
      },
      "original": {
        "owner": "benpye",
        "repo": "nix-velocloud",
        "type": "github"
      }
    },
    "nixos": {
      "locked": {
        "lastModified": 1650161686,
        "narHash": "sha256-70ZWAlOQ9nAZ08OU6WY7n4Ij2kOO199dLfNlvO/+pf8=",
        "owner": "nixos",
        "repo": "nixpkgs",
        "rev": "1ffba9f2f683063c2b14c9f4d12c55ad5f4ed887",
        "type": "github"
      },
      "original": {
        "owner": "nixos",
        "ref": "nixos-unstable",
        "repo": "nixpkgs",
        "type": "github"
      }
    },
    "nixos-2111": {
      "locked": {
        "lastModified": 1650568321,
        "narHash": "sha256-6wqWwHXwCEN43eEXXFKddOHQarRAB2jtAM5urM1lBts=",
        "owner": "nixos",
        "repo": "nixpkgs",
        "rev": "f0d8b069143f12ca41174bc80a5bc03cca7be438",
        "type": "github"
      },
      "original": {
        "owner": "nixos",
        "ref": "nixos-21.11",
        "repo": "nixpkgs",
        "type": "github"
      }
    },
    "nixpkgs": {
      "locked": {
        "lastModified": 1640798027,
        "narHash": "sha256-1e7bsxWJW0ugkA95AMGL3Da9sHugkz+J4kfYB9fTWZc=",
        "owner": "NixOS",
        "repo": "nixpkgs",
        "rev": "8588b14a397e045692d0a87192810b6dddf53003",
        "type": "github"
      },
      "original": {
        "id": "nixpkgs",
        "ref": "release-21.11",
        "type": "indirect"
      }
    },
    "nixpkgs-2111": {
      "locked": {
        "lastModified": 1650647313,
        "narHash": "sha256-6ghnNPXDlG6/tXeIFdbP0cGnik6TGNwc615hhG9dpl4=",
        "owner": "nixos",
        "repo": "nixpkgs",
        "rev": "a318a09a96a38382fe61a7f85d03ea6e25c46c56",
        "type": "github"
      },
      "original": {
        "owner": "nixos",
        "ref": "release-21.11",
        "repo": "nixpkgs",
        "type": "github"
      }
    },
    "nixpkgs_2": {
      "locked": {
        "lastModified": 1650615268,
        "narHash": "sha256-me/SHGhP3uLHJr28tOhtgCOjLfjM0o3sYeEWE8i+OXY=",
        "owner": "nixos",
        "repo": "nixpkgs",
        "rev": "ca087b7e4f67fd9d08313d241ba398201a604e9c",
        "type": "github"
      },
      "original": {
        "owner": "nixos",
        "ref": "nixpkgs-unstable",
        "repo": "nixpkgs",
        "type": "github"
      }
    },
    "root": {
      "inputs": {
        "flake-utils": "flake-utils",
        "hkrm4": "hkrm4",
        "home-manager": "home-manager",
        "launchd_shim": "launchd_shim",
        "nix-fpga-tools": "nix-fpga-tools",
        "nix-velocloud": "nix-velocloud",
        "nixos": "nixos",
        "nixos-2111": "nixos-2111",
        "nixpkgs": "nixpkgs_2",
        "nixpkgs-2111": "nixpkgs-2111"
      }
    }
  },
  "root": "root",
  "version": 7
}
